
Microsoft Visual Studio Solution File, Format Version 12.00
# Visual Studio 14
VisualStudioVersion = 14.0.23107.0
MinimumVisualStudioVersion = 10.0.40219.1
Project("{FAE04EC0-301F-11D3-BF4B-00C04F79EFBC}") = "NextLevelSeven", "NextLevelSeven\NextLevelSeven.csproj", "{EC7FC595-07F4-467F-A51A-25CFA9711310}"
EndProject
Project("{FAE04EC0-301F-11D3-BF4B-00C04F79EFBC}") = "NextLevelSeven.Test", "NextLevelSeven.Test\NextLevelSeven.Test.csproj", "{93328B56-4FEA-4AC2-B9A5-66547B0C7CC7}"
EndProject
Project("{2150E333-8FDC-42A3-9474-1A3956D46DE8}") = "Library", "Library", "{9ECA6C16-85D9-4D67-95DD-90A91D8CC55D}"
EndProject
Project("{2150E333-8FDC-42A3-9474-1A3956D46DE8}") = "Tests", "Tests", "{83F1BAF6-66DA-40C1-8384-19FE227C194D}"
EndProject
Project("{2150E333-8FDC-42A3-9474-1A3956D46DE8}") = "Solution Items", "Solution Items", "{1596CD2D-5569-4AD9-B2EF-902A228801E1}"
	ProjectSection(SolutionItems) = preProject
		README.md = README.md
	EndProjectSection
EndProject
Global
	GlobalSection(SolutionConfigurationPlatforms) = preSolution
		Debug|Any CPU = Debug|Any CPU
		Release|Any CPU = Release|Any CPU
	EndGlobalSection
	GlobalSection(ProjectConfigurationPlatforms) = postSolution
		{EC7FC595-07F4-467F-A51A-25CFA9711310}.Debug|Any CPU.ActiveCfg = Debug|Any CPU
		{EC7FC595-07F4-467F-A51A-25CFA9711310}.Debug|Any CPU.Build.0 = Debug|Any CPU
		{EC7FC595-07F4-467F-A51A-25CFA9711310}.Release|Any CPU.ActiveCfg = Release|Any CPU
		{EC7FC595-07F4-467F-A51A-25CFA9711310}.Release|Any CPU.Build.0 = Release|Any CPU
		{93328B56-4FEA-4AC2-B9A5-66547B0C7CC7}.Debug|Any CPU.ActiveCfg = Debug|Any CPU
		{93328B56-4FEA-4AC2-B9A5-66547B0C7CC7}.Debug|Any CPU.Build.0 = Debug|Any CPU
		{93328B56-4FEA-4AC2-B9A5-66547B0C7CC7}.Release|Any CPU.ActiveCfg = Release|Any CPU
		{93328B56-4FEA-4AC2-B9A5-66547B0C7CC7}.Release|Any CPU.Build.0 = Release|Any CPU
	EndGlobalSection
	GlobalSection(SolutionProperties) = preSolution
		HideSolutionNode = FALSE
	EndGlobalSection
	GlobalSection(NestedProjects) = preSolution
		{EC7FC595-07F4-467F-A51A-25CFA9711310} = {9ECA6C16-85D9-4D67-95DD-90A91D8CC55D}
		{93328B56-4FEA-4AC2-B9A5-66547B0C7CC7} = {83F1BAF6-66DA-40C1-8384-19FE227C194D}
	EndGlobalSection
EndGlobal
