
Microsoft Visual Studio Solution File, Format Version 12.00
# Visual Studio 2013
VisualStudioVersion = 12.0.40629.0
MinimumVisualStudioVersion = 10.0.40219.1
Project("{FAE04EC0-301F-11D3-BF4B-00C04F79EFBC}") = "NextLevelSeven", "NextLevelSeven\NextLevelSeven.csproj", "{EC7FC595-07F4-467F-A51A-25CFA9711310}"
EndProject
Project("{FAE04EC0-301F-11D3-BF4B-00C04F79EFBC}") = "NextLevelSeven.Test", "NextLevelSeven.Test\NextLevelSeven.Test.csproj", "{93328B56-4FEA-4AC2-B9A5-66547B0C7CC7}"
EndProject
Project("{2150E333-8FDC-42A3-9474-1A3956D46DE8}") = "Library", "Library", "{9ECA6C16-85D9-4D67-95DD-90A91D8CC55D}"
EndProject
Project("{2150E333-8FDC-42A3-9474-1A3956D46DE8}") = "Tests", "Tests", "{83F1BAF6-66DA-40C1-8384-19FE227C194D}"
EndProject
Project("{FAE04EC0-301F-11D3-BF4B-00C04F79EFBC}") = "NextLevelSeven.Specification", "NextLevelSeven.Specification\NextLevelSeven.Specification.csproj", "{6BD62EE0-1254-4517-B5CC-978ED66C300A}"
EndProject
Project("{FAE04EC0-301F-11D3-BF4B-00C04F79EFBC}") = "NextLevelSeven.Test.Specification", "NextLevelSeven.Test.Specification\NextLevelSeven.Test.Specification.csproj", "{C9DCF7EC-595C-41B8-B2BD-AA5EAAC6F711}"
EndProject
Project("{FAE04EC0-301F-11D3-BF4B-00C04F79EFBC}") = "NextLevelSeven.Streaming", "NextLevelSeven.Streaming\NextLevelSeven.Streaming.csproj", "{E08CEAA1-3FBE-4B70-A4CD-66FECB81E87D}"
EndProject
Project("{FAE04EC0-301F-11D3-BF4B-00C04F79EFBC}") = "NextLevelSeven.Test.Streaming", "NextLevelSeven.Test.Streaming\NextLevelSeven.Test.Streaming.csproj", "{3A756A42-57B0-42E3-A162-2F31C070FAEC}"
EndProject
Project("{2150E333-8FDC-42A3-9474-1A3956D46DE8}") = "Modules", "Modules", "{70833157-10E0-48DC-AE48-3A2D13D93AAF}"
EndProject
Project("{2150E333-8FDC-42A3-9474-1A3956D46DE8}") = "Modules", "Modules", "{50D568FE-50CB-4969-BF84-AA957AE06014}"
EndProject
Global
	GlobalSection(SolutionConfigurationPlatforms) = preSolution
		Debug|Any CPU = Debug|Any CPU
		Release|Any CPU = Release|Any CPU
	EndGlobalSection
	GlobalSection(ProjectConfigurationPlatforms) = postSolution
		{EC7FC595-07F4-467F-A51A-25CFA9711310}.Debug|Any CPU.ActiveCfg = Debug|Any CPU
		{EC7FC595-07F4-467F-A51A-25CFA9711310}.Debug|Any CPU.Build.0 = Debug|Any CPU
		{EC7FC595-07F4-467F-A51A-25CFA9711310}.Release|Any CPU.ActiveCfg = Release|Any CPU
		{EC7FC595-07F4-467F-A51A-25CFA9711310}.Release|Any CPU.Build.0 = Release|Any CPU
		{93328B56-4FEA-4AC2-B9A5-66547B0C7CC7}.Debug|Any CPU.ActiveCfg = Debug|Any CPU
		{93328B56-4FEA-4AC2-B9A5-66547B0C7CC7}.Debug|Any CPU.Build.0 = Debug|Any CPU
		{93328B56-4FEA-4AC2-B9A5-66547B0C7CC7}.Release|Any CPU.ActiveCfg = Release|Any CPU
		{93328B56-4FEA-4AC2-B9A5-66547B0C7CC7}.Release|Any CPU.Build.0 = Release|Any CPU
		{6BD62EE0-1254-4517-B5CC-978ED66C300A}.Debug|Any CPU.ActiveCfg = Debug|Any CPU
		{6BD62EE0-1254-4517-B5CC-978ED66C300A}.Debug|Any CPU.Build.0 = Debug|Any CPU
		{6BD62EE0-1254-4517-B5CC-978ED66C300A}.Release|Any CPU.ActiveCfg = Release|Any CPU
		{6BD62EE0-1254-4517-B5CC-978ED66C300A}.Release|Any CPU.Build.0 = Release|Any CPU
		{C9DCF7EC-595C-41B8-B2BD-AA5EAAC6F711}.Debug|Any CPU.ActiveCfg = Debug|Any CPU
		{C9DCF7EC-595C-41B8-B2BD-AA5EAAC6F711}.Debug|Any CPU.Build.0 = Debug|Any CPU
		{C9DCF7EC-595C-41B8-B2BD-AA5EAAC6F711}.Release|Any CPU.ActiveCfg = Release|Any CPU
		{C9DCF7EC-595C-41B8-B2BD-AA5EAAC6F711}.Release|Any CPU.Build.0 = Release|Any CPU
		{E08CEAA1-3FBE-4B70-A4CD-66FECB81E87D}.Debug|Any CPU.ActiveCfg = Debug|Any CPU
		{E08CEAA1-3FBE-4B70-A4CD-66FECB81E87D}.Debug|Any CPU.Build.0 = Debug|Any CPU
		{E08CEAA1-3FBE-4B70-A4CD-66FECB81E87D}.Release|Any CPU.ActiveCfg = Release|Any CPU
		{E08CEAA1-3FBE-4B70-A4CD-66FECB81E87D}.Release|Any CPU.Build.0 = Release|Any CPU
		{3A756A42-57B0-42E3-A162-2F31C070FAEC}.Debug|Any CPU.ActiveCfg = Debug|Any CPU
		{3A756A42-57B0-42E3-A162-2F31C070FAEC}.Debug|Any CPU.Build.0 = Debug|Any CPU
		{3A756A42-57B0-42E3-A162-2F31C070FAEC}.Release|Any CPU.ActiveCfg = Release|Any CPU
		{3A756A42-57B0-42E3-A162-2F31C070FAEC}.Release|Any CPU.Build.0 = Release|Any CPU
	EndGlobalSection
	GlobalSection(SolutionProperties) = preSolution
		HideSolutionNode = FALSE
	EndGlobalSection
	GlobalSection(NestedProjects) = preSolution
		{EC7FC595-07F4-467F-A51A-25CFA9711310} = {9ECA6C16-85D9-4D67-95DD-90A91D8CC55D}
		{93328B56-4FEA-4AC2-B9A5-66547B0C7CC7} = {83F1BAF6-66DA-40C1-8384-19FE227C194D}
		{6BD62EE0-1254-4517-B5CC-978ED66C300A} = {70833157-10E0-48DC-AE48-3A2D13D93AAF}
		{C9DCF7EC-595C-41B8-B2BD-AA5EAAC6F711} = {50D568FE-50CB-4969-BF84-AA957AE06014}
		{E08CEAA1-3FBE-4B70-A4CD-66FECB81E87D} = {70833157-10E0-48DC-AE48-3A2D13D93AAF}
		{3A756A42-57B0-42E3-A162-2F31C070FAEC} = {50D568FE-50CB-4969-BF84-AA957AE06014}
		{70833157-10E0-48DC-AE48-3A2D13D93AAF} = {9ECA6C16-85D9-4D67-95DD-90A91D8CC55D}
		{50D568FE-50CB-4969-BF84-AA957AE06014} = {83F1BAF6-66DA-40C1-8384-19FE227C194D}
	EndGlobalSection
EndGlobal
